
Microsoft Visual Studio Solution File, Format Version 12.00
# Visual Studio Version 17
VisualStudioVersion = 17.8.34330.188
MinimumVisualStudioVersion = 10.0.40219.1
Project("{2150E333-8FDC-42A3-9474-1A3956D46DE8}") = "Backend", "Backend", "{4FCEBFDD-36F7-4933-861D-864813A1557C}"
EndProject
Project("{2150E333-8FDC-42A3-9474-1A3956D46DE8}") = "Test", "Test", "{2E0A4D64-AEE7-4663-92D1-4894E771484B}"
EndProject
Project("{2150E333-8FDC-42A3-9474-1A3956D46DE8}") = "Gatway", "Gatway", "{970C1AE4-F1BB-47E4-AD26-79BEFF28A87D}"
EndProject
Project("{2150E333-8FDC-42A3-9474-1A3956D46DE8}") = "Integration", "Integration", "{96BF2733-7821-4973-BAB0-F63E2FB05BDB}"
EndProject
Project("{2150E333-8FDC-42A3-9474-1A3956D46DE8}") = "Services", "Services", "{14F840F2-DB17-47DD-86E8-BBF0C8B860B6}"
EndProject
Project("{2150E333-8FDC-42A3-9474-1A3956D46DE8}") = "ProductService", "ProductService", "{67F4145C-227A-4628-B3EC-4890C05BBD08}"
EndProject
Project("{9A19103F-16F7-4668-BE54-9A1E7A4F7556}") = "Product.Api", "Product.Api\Product.Api.csproj", "{DA354E53-7DC1-4CF5-ADC8-45B73AF9BAFF}"
EndProject
Project("{9A19103F-16F7-4668-BE54-9A1E7A4F7556}") = "Product.Core", "Product.Core\Product.Core.csproj", "{7793159A-BC54-4D73-BD5C-8A756E4B6272}"
EndProject
Project("{9A19103F-16F7-4668-BE54-9A1E7A4F7556}") = "Product.Infrastructure", "Product.Infrastructure\Product.Infrastructure.csproj", "{4AEEE5C2-6137-4215-A5D6-EBD916A6731A}"
EndProject
Project("{2150E333-8FDC-42A3-9474-1A3956D46DE8}") = "LoggingService", "LoggingService", "{A765A4F0-EBC0-4F25-AE61-FF3BD074F03E}"
EndProject
Project("{9A19103F-16F7-4668-BE54-9A1E7A4F7556}") = "Contracts", "Contracts\Contracts.csproj", "{E0C66D75-2007-437A-8E00-850AA0D39A8B}"
EndProject
Project("{9A19103F-16F7-4668-BE54-9A1E7A4F7556}") = "LoggerService", "LoggerService\LoggerService.csproj", "{DC7B34B1-4F25-4BD5-9425-FB478CBD9F4E}"
EndProject
Project("{2150E333-8FDC-42A3-9474-1A3956D46DE8}") = "AuthService", "AuthService", "{AC71B469-7891-4FC5-9549-745874C87ADB}"
EndProject
Project("{9A19103F-16F7-4668-BE54-9A1E7A4F7556}") = "Auth.API", "Auth.API\Auth.API.csproj", "{1CEC5394-1591-4DFC-A110-F95F82B61375}"
EndProject
Project("{9A19103F-16F7-4668-BE54-9A1E7A4F7556}") = "Auth.Core", "Auth.Core\Auth.Core.csproj", "{132815F5-F2D7-4601-BECE-0A66E0A31752}"
EndProject
Project("{9A19103F-16F7-4668-BE54-9A1E7A4F7556}") = "Auth.Infrastructure", "Auth.Infrastructur\Auth.Infrastructure.csproj", "{5DAF74FC-A758-4443-8DE8-37DB90D60B96}"
EndProject
Project("{2150E333-8FDC-42A3-9474-1A3956D46DE8}") = "UnitTesting", "UnitTesting", "{B5B7A03A-BB8C-4FB5-9ACB-C31F9F65006B}"
EndProject
Project("{FAE04EC0-301F-11D3-BF4B-00C04F79EFBC}") = "ProductApi.Testing", "ProductApi.Testing\ProductApi.Testing.csproj", "{D8438653-A547-4276-9CCE-CC6D85F00129}"
EndProject
Global
	GlobalSection(SolutionConfigurationPlatforms) = preSolution
		Debug|Any CPU = Debug|Any CPU
		Release|Any CPU = Release|Any CPU
	EndGlobalSection
	GlobalSection(ProjectConfigurationPlatforms) = postSolution
		{DA354E53-7DC1-4CF5-ADC8-45B73AF9BAFF}.Debug|Any CPU.ActiveCfg = Debug|Any CPU
		{DA354E53-7DC1-4CF5-ADC8-45B73AF9BAFF}.Debug|Any CPU.Build.0 = Debug|Any CPU
		{DA354E53-7DC1-4CF5-ADC8-45B73AF9BAFF}.Release|Any CPU.ActiveCfg = Release|Any CPU
		{DA354E53-7DC1-4CF5-ADC8-45B73AF9BAFF}.Release|Any CPU.Build.0 = Release|Any CPU
		{7793159A-BC54-4D73-BD5C-8A756E4B6272}.Debug|Any CPU.ActiveCfg = Debug|Any CPU
		{7793159A-BC54-4D73-BD5C-8A756E4B6272}.Debug|Any CPU.Build.0 = Debug|Any CPU
		{7793159A-BC54-4D73-BD5C-8A756E4B6272}.Release|Any CPU.ActiveCfg = Release|Any CPU
		{7793159A-BC54-4D73-BD5C-8A756E4B6272}.Release|Any CPU.Build.0 = Release|Any CPU
		{4AEEE5C2-6137-4215-A5D6-EBD916A6731A}.Debug|Any CPU.ActiveCfg = Debug|Any CPU
		{4AEEE5C2-6137-4215-A5D6-EBD916A6731A}.Debug|Any CPU.Build.0 = Debug|Any CPU
		{4AEEE5C2-6137-4215-A5D6-EBD916A6731A}.Release|Any CPU.ActiveCfg = Release|Any CPU
		{4AEEE5C2-6137-4215-A5D6-EBD916A6731A}.Release|Any CPU.Build.0 = Release|Any CPU
		{E0C66D75-2007-437A-8E00-850AA0D39A8B}.Debug|Any CPU.ActiveCfg = Debug|Any CPU
		{E0C66D75-2007-437A-8E00-850AA0D39A8B}.Debug|Any CPU.Build.0 = Debug|Any CPU
		{E0C66D75-2007-437A-8E00-850AA0D39A8B}.Release|Any CPU.ActiveCfg = Release|Any CPU
		{E0C66D75-2007-437A-8E00-850AA0D39A8B}.Release|Any CPU.Build.0 = Release|Any CPU
		{DC7B34B1-4F25-4BD5-9425-FB478CBD9F4E}.Debug|Any CPU.ActiveCfg = Debug|Any CPU
		{DC7B34B1-4F25-4BD5-9425-FB478CBD9F4E}.Debug|Any CPU.Build.0 = Debug|Any CPU
		{DC7B34B1-4F25-4BD5-9425-FB478CBD9F4E}.Release|Any CPU.ActiveCfg = Release|Any CPU
		{DC7B34B1-4F25-4BD5-9425-FB478CBD9F4E}.Release|Any CPU.Build.0 = Release|Any CPU
		{1CEC5394-1591-4DFC-A110-F95F82B61375}.Debug|Any CPU.ActiveCfg = Debug|Any CPU
		{1CEC5394-1591-4DFC-A110-F95F82B61375}.Debug|Any CPU.Build.0 = Debug|Any CPU
		{1CEC5394-1591-4DFC-A110-F95F82B61375}.Release|Any CPU.ActiveCfg = Release|Any CPU
		{1CEC5394-1591-4DFC-A110-F95F82B61375}.Release|Any CPU.Build.0 = Release|Any CPU
		{132815F5-F2D7-4601-BECE-0A66E0A31752}.Debug|Any CPU.ActiveCfg = Debug|Any CPU
		{132815F5-F2D7-4601-BECE-0A66E0A31752}.Debug|Any CPU.Build.0 = Debug|Any CPU
		{132815F5-F2D7-4601-BECE-0A66E0A31752}.Release|Any CPU.ActiveCfg = Release|Any CPU
		{132815F5-F2D7-4601-BECE-0A66E0A31752}.Release|Any CPU.Build.0 = Release|Any CPU
		{5DAF74FC-A758-4443-8DE8-37DB90D60B96}.Debug|Any CPU.ActiveCfg = Debug|Any CPU
		{5DAF74FC-A758-4443-8DE8-37DB90D60B96}.Debug|Any CPU.Build.0 = Debug|Any CPU
		{5DAF74FC-A758-4443-8DE8-37DB90D60B96}.Release|Any CPU.ActiveCfg = Release|Any CPU
		{5DAF74FC-A758-4443-8DE8-37DB90D60B96}.Release|Any CPU.Build.0 = Release|Any CPU
		{D8438653-A547-4276-9CCE-CC6D85F00129}.Debug|Any CPU.ActiveCfg = Debug|Any CPU
		{D8438653-A547-4276-9CCE-CC6D85F00129}.Debug|Any CPU.Build.0 = Debug|Any CPU
		{D8438653-A547-4276-9CCE-CC6D85F00129}.Release|Any CPU.ActiveCfg = Release|Any CPU
		{D8438653-A547-4276-9CCE-CC6D85F00129}.Release|Any CPU.Build.0 = Release|Any CPU
	EndGlobalSection
	GlobalSection(SolutionProperties) = preSolution
		HideSolutionNode = FALSE
	EndGlobalSection
	GlobalSection(NestedProjects) = preSolution
		{970C1AE4-F1BB-47E4-AD26-79BEFF28A87D} = {4FCEBFDD-36F7-4933-861D-864813A1557C}
		{96BF2733-7821-4973-BAB0-F63E2FB05BDB} = {4FCEBFDD-36F7-4933-861D-864813A1557C}
		{14F840F2-DB17-47DD-86E8-BBF0C8B860B6} = {4FCEBFDD-36F7-4933-861D-864813A1557C}
		{67F4145C-227A-4628-B3EC-4890C05BBD08} = {14F840F2-DB17-47DD-86E8-BBF0C8B860B6}
		{DA354E53-7DC1-4CF5-ADC8-45B73AF9BAFF} = {67F4145C-227A-4628-B3EC-4890C05BBD08}
		{7793159A-BC54-4D73-BD5C-8A756E4B6272} = {67F4145C-227A-4628-B3EC-4890C05BBD08}
		{4AEEE5C2-6137-4215-A5D6-EBD916A6731A} = {67F4145C-227A-4628-B3EC-4890C05BBD08}
		{A765A4F0-EBC0-4F25-AE61-FF3BD074F03E} = {14F840F2-DB17-47DD-86E8-BBF0C8B860B6}
		{E0C66D75-2007-437A-8E00-850AA0D39A8B} = {A765A4F0-EBC0-4F25-AE61-FF3BD074F03E}
		{DC7B34B1-4F25-4BD5-9425-FB478CBD9F4E} = {A765A4F0-EBC0-4F25-AE61-FF3BD074F03E}
		{AC71B469-7891-4FC5-9549-745874C87ADB} = {14F840F2-DB17-47DD-86E8-BBF0C8B860B6}
		{1CEC5394-1591-4DFC-A110-F95F82B61375} = {AC71B469-7891-4FC5-9549-745874C87ADB}
		{132815F5-F2D7-4601-BECE-0A66E0A31752} = {AC71B469-7891-4FC5-9549-745874C87ADB}
		{5DAF74FC-A758-4443-8DE8-37DB90D60B96} = {AC71B469-7891-4FC5-9549-745874C87ADB}
		{B5B7A03A-BB8C-4FB5-9ACB-C31F9F65006B} = {67F4145C-227A-4628-B3EC-4890C05BBD08}
		{D8438653-A547-4276-9CCE-CC6D85F00129} = {B5B7A03A-BB8C-4FB5-9ACB-C31F9F65006B}
	EndGlobalSection
	GlobalSection(ExtensibilityGlobals) = postSolution
		SolutionGuid = {F0EFDB9D-2A3A-45FB-9365-C47356D3172B}
	EndGlobalSection
EndGlobal
